
Microsoft Visual Studio Solution File, Format Version 12.00
# Visual Studio Version 16
VisualStudioVersion = 16.0.29009.5
MinimumVisualStudioVersion = 10.0.40219.1
Project("{FAE04EC0-301F-11D3-BF4B-00C04F79EFBC}") = "CSProject", "CSProject\CSProject.csproj", "{0AFD3C25-716B-4C16-A6B8-9EF47D5A7F45}"
EndProject
Global
	GlobalSection(SolutionConfigurationPlatforms) = preSolution
		Debug|Any CPU = Debug|Any CPU
		Release|Any CPU = Release|Any CPU
	EndGlobalSection
	GlobalSection(ProjectConfigurationPlatforms) = postSolution
		{0AFD3C25-716B-4C16-A6B8-9EF47D5A7F45}.Debug|Any CPU.ActiveCfg = Debug|Any CPU
		{0AFD3C25-716B-4C16-A6B8-9EF47D5A7F45}.Debug|Any CPU.Build.0 = Debug|Any CPU
		{0AFD3C25-716B-4C16-A6B8-9EF47D5A7F45}.Release|Any CPU.ActiveCfg = Release|Any CPU
		{0AFD3C25-716B-4C16-A6B8-9EF47D5A7F45}.Release|Any CPU.Build.0 = Release|Any CPU
	EndGlobalSection
	GlobalSection(SolutionProperties) = preSolution
		HideSolutionNode = FALSE
	EndGlobalSection
	GlobalSection(ExtensibilityGlobals) = postSolution
		SolutionGuid = {CA10C89B-6558-41A9-BEF6-5969BB66C544}
	EndGlobalSection
EndGlobal
